{
  "lockfileVersion": 1,
  "configVersion": 1,
  "workspaces": {
    "": {
      "dependencies": {
        "fast-bmp": "^4.0.1",
        "htmlrewriter": "^0.0.13",
      },
    },
  },
  "packages": {
    "fast-bmp": ["fast-bmp@4.0.1", "", { "dependencies": { "iobuffer": "^6.0.0" } }, "sha512-+KtMijJj+uA8Sl6EXAnhza7US7EXSY5Z9NeiJwT1wopVUksyLMXL5iFmn9FjY8FdkstOkpJI9RuEVXkGpIPSwg=="],

    "htmlrewriter": ["htmlrewriter@0.0.13", "", {}, "sha512-HPxT+y/i9RzNeKrJ6MBFXwB+FeTfHPfcBzoKHVnk3oiKn2s6x13tLoxjggI+0/yOSBG1n8SV//PGDBJYT/4XQw=="],

    "iobuffer": ["iobuffer@6.0.1", "", {}, "sha512-SZWYkWNfjIXIBYSDpXDYIgshqtbOPsi4lviawAEceR1Kqk+sHDlcQjWrzNQsii80AyBY0q5c8HCTNjqo74ul+Q=="],
  }
}
